
Microsoft Visual Studio Solution File, Format Version 12.00
# Visual Studio Version 17
VisualStudioVersion = 17.8.34511.84
MinimumVisualStudioVersion = 10.0.40219.1
Project("{FAE04EC0-301F-11D3-BF4B-00C04F79EFBC}") = "Lek2_Opgave2", "Semester 4 System Integration\Lek2_Opgave2.csproj", "{AFA6213A-6914-499B-95BC-5FD6216334CF}"
EndProject
Project("{FAE04EC0-301F-11D3-BF4B-00C04F79EFBC}") = "Lek2_Opgave3", "Lek2_Opgave3\Lek2_Opgave3.csproj", "{33233D5E-793D-4D22-A8A2-1BADD3D1268C}"
EndProject
Project("{FAE04EC0-301F-11D3-BF4B-00C04F79EFBC}") = "Lek2_Opgave4", "Lek2_Opgave4\Lek2_Opgave4.csproj", "{E4BD9A3E-70CC-4F83-9501-A4DC50A21F54}"
EndProject
Project("{2150E333-8FDC-42A3-9474-1A3956D46DE8}") = "Lek2", "Lek2", "{DDB4580F-83D0-48CD-AD64-90699383E033}"
EndProject
Project("{2150E333-8FDC-42A3-9474-1A3956D46DE8}") = "Lek7", "Lek7", "{F32EB106-A795-4398-B964-D580ADA43EBF}"
EndProject
Project("{2150E333-8FDC-42A3-9474-1A3956D46DE8}") = "Lek8", "Lek8", "{35885436-B2B8-4900-9CCC-E81A7C9744B3}"
EndProject
Project("{FAE04EC0-301F-11D3-BF4B-00C04F79EFBC}") = "Lek07Opg02", "..\..\..\Downloads\Lek07Opg02\Lek07Opg02.csproj", "{68EA6EF2-BF24-42E4-B981-A7F48FECF989}"
EndProject
Project("{FAE04EC0-301F-11D3-BF4B-00C04F79EFBC}") = "Lek07Opg03", "..\..\..\Downloads\Lek07Opg03\Lek07Opg03.csproj", "{07BE357A-6F5A-44DB-99A8-0F5DDABAFC9D}"
EndProject
Project("{FAE04EC0-301F-11D3-BF4B-00C04F79EFBC}") = "Lek07Opg04", "..\..\..\Downloads\Lek07Opg04\Lek07Opg04.csproj", "{5648A893-1C8F-442E-BDCC-1CA0A01766B5}"
EndProject
Project("{FAE04EC0-301F-11D3-BF4B-00C04F79EFBC}") = "Lek8_opgave1", "Lek8_opgave1\Lek8_opgave1.csproj", "{2A083842-71BC-467F-B7A4-6EAEC401BB0A}"
EndProject
Project("{FAE04EC0-301F-11D3-BF4B-00C04F79EFBC}") = "RequestReply", "..\..\..\Downloads\RequestReply\RequestReply.csproj", "{B7BAE008-63B3-49F5-AD83-FF4F59140181}"
EndProject
Project("{2150E333-8FDC-42A3-9474-1A3956D46DE8}") = "Lek9", "Lek9", "{9A307C67-1370-4D65-AC18-FC48038B85DD}"
EndProject
Project("{FAE04EC0-301F-11D3-BF4B-00C04F79EFBC}") = "Lek9_Opg1", "Lek9_Opg1\Lek9_Opg1.csproj", "{03FC97A8-8381-4FB6-8B1E-9EAA485C7043}"
EndProject
Project("{FAE04EC0-301F-11D3-BF4B-00C04F79EFBC}") = "Lek9_Opgave3", "Lek9_Opgave3\Lek9_Opgave3.csproj", "{C651DF05-7C78-4504-A94E-26DB68EE88E3}"
EndProject
Project("{2150E333-8FDC-42A3-9474-1A3956D46DE8}") = "Lek10", "Lek10", "{2F0B8BD2-5BDE-4370-9225-E010A56DEA5A}"
EndProject
Project("{FAE04EC0-301F-11D3-BF4B-00C04F79EFBC}") = "BluffCityCheckInOutput", "..\..\..\Downloads\Downloads\BluffCityCheckInOutput\MYFirstMSMQ\BluffCityCheckInOutput.csproj", "{49A4C497-218C-46DB-BD33-C3F0936444D7}"
EndProject
Project("{FAE04EC0-301F-11D3-BF4B-00C04F79EFBC}") = "BluffCityICXPath", "..\..\..\Downloads\Downloads\BluffCityICXPath\MYFirstMSMQ\BluffCityICXPath.csproj", "{6381C0E2-FC78-4307-9664-25D646922D7A}"
EndProject
Project("{FAE04EC0-301F-11D3-BF4B-00C04F79EFBC}") = "BluffCityInformationCenter", "..\..\..\Downloads\Downloads\BluffCityInformationCenter\MYFirstMSMQ\BluffCityInformationCenter.csproj", "{F6758B0B-18AB-4DB9-92BA-2123FE30D27A}"
EndProject
Project("{2150E333-8FDC-42A3-9474-1A3956D46DE8}") = "Lek11", "Lek11", "{64165A3F-AF07-4082-8F89-B440CFC6AB06}"
EndProject
Project("{FAE04EC0-301F-11D3-BF4B-00C04F79EFBC}") = "Lek11_Opgave3", "Lek10_Opgave3\Lek11_Opgave3.csproj", "{C6093CB8-18AD-4510-9C0E-538CBFE18503}"
EndProject
Global
	GlobalSection(SolutionConfigurationPlatforms) = preSolution
		Debug|Any CPU = Debug|Any CPU
		Debug|x86 = Debug|x86
		Release|Any CPU = Release|Any CPU
		Release|x86 = Release|x86
	EndGlobalSection
	GlobalSection(ProjectConfigurationPlatforms) = postSolution
		{AFA6213A-6914-499B-95BC-5FD6216334CF}.Debug|Any CPU.ActiveCfg = Debug|Any CPU
		{AFA6213A-6914-499B-95BC-5FD6216334CF}.Debug|Any CPU.Build.0 = Debug|Any CPU
		{AFA6213A-6914-499B-95BC-5FD6216334CF}.Debug|x86.ActiveCfg = Debug|Any CPU
		{AFA6213A-6914-499B-95BC-5FD6216334CF}.Debug|x86.Build.0 = Debug|Any CPU
		{AFA6213A-6914-499B-95BC-5FD6216334CF}.Release|Any CPU.ActiveCfg = Release|Any CPU
		{AFA6213A-6914-499B-95BC-5FD6216334CF}.Release|Any CPU.Build.0 = Release|Any CPU
		{AFA6213A-6914-499B-95BC-5FD6216334CF}.Release|x86.ActiveCfg = Release|Any CPU
		{AFA6213A-6914-499B-95BC-5FD6216334CF}.Release|x86.Build.0 = Release|Any CPU
		{33233D5E-793D-4D22-A8A2-1BADD3D1268C}.Debug|Any CPU.ActiveCfg = Debug|Any CPU
		{33233D5E-793D-4D22-A8A2-1BADD3D1268C}.Debug|Any CPU.Build.0 = Debug|Any CPU
		{33233D5E-793D-4D22-A8A2-1BADD3D1268C}.Debug|x86.ActiveCfg = Debug|Any CPU
		{33233D5E-793D-4D22-A8A2-1BADD3D1268C}.Debug|x86.Build.0 = Debug|Any CPU
		{33233D5E-793D-4D22-A8A2-1BADD3D1268C}.Release|Any CPU.ActiveCfg = Release|Any CPU
		{33233D5E-793D-4D22-A8A2-1BADD3D1268C}.Release|Any CPU.Build.0 = Release|Any CPU
		{33233D5E-793D-4D22-A8A2-1BADD3D1268C}.Release|x86.ActiveCfg = Release|Any CPU
		{33233D5E-793D-4D22-A8A2-1BADD3D1268C}.Release|x86.Build.0 = Release|Any CPU
		{E4BD9A3E-70CC-4F83-9501-A4DC50A21F54}.Debug|Any CPU.ActiveCfg = Debug|Any CPU
		{E4BD9A3E-70CC-4F83-9501-A4DC50A21F54}.Debug|Any CPU.Build.0 = Debug|Any CPU
		{E4BD9A3E-70CC-4F83-9501-A4DC50A21F54}.Debug|x86.ActiveCfg = Debug|Any CPU
		{E4BD9A3E-70CC-4F83-9501-A4DC50A21F54}.Debug|x86.Build.0 = Debug|Any CPU
		{E4BD9A3E-70CC-4F83-9501-A4DC50A21F54}.Release|Any CPU.ActiveCfg = Release|Any CPU
		{E4BD9A3E-70CC-4F83-9501-A4DC50A21F54}.Release|Any CPU.Build.0 = Release|Any CPU
		{E4BD9A3E-70CC-4F83-9501-A4DC50A21F54}.Release|x86.ActiveCfg = Release|Any CPU
		{E4BD9A3E-70CC-4F83-9501-A4DC50A21F54}.Release|x86.Build.0 = Release|Any CPU
		{68EA6EF2-BF24-42E4-B981-A7F48FECF989}.Debug|Any CPU.ActiveCfg = Debug|Any CPU
		{68EA6EF2-BF24-42E4-B981-A7F48FECF989}.Debug|Any CPU.Build.0 = Debug|Any CPU
		{68EA6EF2-BF24-42E4-B981-A7F48FECF989}.Debug|x86.ActiveCfg = Debug|Any CPU
		{68EA6EF2-BF24-42E4-B981-A7F48FECF989}.Debug|x86.Build.0 = Debug|Any CPU
		{68EA6EF2-BF24-42E4-B981-A7F48FECF989}.Release|Any CPU.ActiveCfg = Release|Any CPU
		{68EA6EF2-BF24-42E4-B981-A7F48FECF989}.Release|Any CPU.Build.0 = Release|Any CPU
		{68EA6EF2-BF24-42E4-B981-A7F48FECF989}.Release|x86.ActiveCfg = Release|Any CPU
		{68EA6EF2-BF24-42E4-B981-A7F48FECF989}.Release|x86.Build.0 = Release|Any CPU
		{07BE357A-6F5A-44DB-99A8-0F5DDABAFC9D}.Debug|Any CPU.ActiveCfg = Debug|Any CPU
		{07BE357A-6F5A-44DB-99A8-0F5DDABAFC9D}.Debug|Any CPU.Build.0 = Debug|Any CPU
		{07BE357A-6F5A-44DB-99A8-0F5DDABAFC9D}.Debug|x86.ActiveCfg = Debug|Any CPU
		{07BE357A-6F5A-44DB-99A8-0F5DDABAFC9D}.Debug|x86.Build.0 = Debug|Any CPU
		{07BE357A-6F5A-44DB-99A8-0F5DDABAFC9D}.Release|Any CPU.ActiveCfg = Release|Any CPU
		{07BE357A-6F5A-44DB-99A8-0F5DDABAFC9D}.Release|Any CPU.Build.0 = Release|Any CPU
		{07BE357A-6F5A-44DB-99A8-0F5DDABAFC9D}.Release|x86.ActiveCfg = Release|Any CPU
		{07BE357A-6F5A-44DB-99A8-0F5DDABAFC9D}.Release|x86.Build.0 = Release|Any CPU
		{5648A893-1C8F-442E-BDCC-1CA0A01766B5}.Debug|Any CPU.ActiveCfg = Debug|Any CPU
		{5648A893-1C8F-442E-BDCC-1CA0A01766B5}.Debug|Any CPU.Build.0 = Debug|Any CPU
		{5648A893-1C8F-442E-BDCC-1CA0A01766B5}.Debug|x86.ActiveCfg = Debug|Any CPU
		{5648A893-1C8F-442E-BDCC-1CA0A01766B5}.Debug|x86.Build.0 = Debug|Any CPU
		{5648A893-1C8F-442E-BDCC-1CA0A01766B5}.Release|Any CPU.ActiveCfg = Release|Any CPU
		{5648A893-1C8F-442E-BDCC-1CA0A01766B5}.Release|Any CPU.Build.0 = Release|Any CPU
		{5648A893-1C8F-442E-BDCC-1CA0A01766B5}.Release|x86.ActiveCfg = Release|Any CPU
		{5648A893-1C8F-442E-BDCC-1CA0A01766B5}.Release|x86.Build.0 = Release|Any CPU
		{2A083842-71BC-467F-B7A4-6EAEC401BB0A}.Debug|Any CPU.ActiveCfg = Debug|Any CPU
		{2A083842-71BC-467F-B7A4-6EAEC401BB0A}.Debug|Any CPU.Build.0 = Debug|Any CPU
		{2A083842-71BC-467F-B7A4-6EAEC401BB0A}.Debug|x86.ActiveCfg = Debug|Any CPU
		{2A083842-71BC-467F-B7A4-6EAEC401BB0A}.Debug|x86.Build.0 = Debug|Any CPU
		{2A083842-71BC-467F-B7A4-6EAEC401BB0A}.Release|Any CPU.ActiveCfg = Release|Any CPU
		{2A083842-71BC-467F-B7A4-6EAEC401BB0A}.Release|Any CPU.Build.0 = Release|Any CPU
		{2A083842-71BC-467F-B7A4-6EAEC401BB0A}.Release|x86.ActiveCfg = Release|Any CPU
		{2A083842-71BC-467F-B7A4-6EAEC401BB0A}.Release|x86.Build.0 = Release|Any CPU
		{B7BAE008-63B3-49F5-AD83-FF4F59140181}.Debug|Any CPU.ActiveCfg = Debug|x86
		{B7BAE008-63B3-49F5-AD83-FF4F59140181}.Debug|Any CPU.Build.0 = Debug|x86
		{B7BAE008-63B3-49F5-AD83-FF4F59140181}.Debug|x86.ActiveCfg = Debug|x86
		{B7BAE008-63B3-49F5-AD83-FF4F59140181}.Debug|x86.Build.0 = Debug|x86
		{B7BAE008-63B3-49F5-AD83-FF4F59140181}.Release|Any CPU.ActiveCfg = Release|x86
		{B7BAE008-63B3-49F5-AD83-FF4F59140181}.Release|Any CPU.Build.0 = Release|x86
		{B7BAE008-63B3-49F5-AD83-FF4F59140181}.Release|x86.ActiveCfg = Release|x86
		{B7BAE008-63B3-49F5-AD83-FF4F59140181}.Release|x86.Build.0 = Release|x86
		{03FC97A8-8381-4FB6-8B1E-9EAA485C7043}.Debug|Any CPU.ActiveCfg = Debug|Any CPU
		{03FC97A8-8381-4FB6-8B1E-9EAA485C7043}.Debug|Any CPU.Build.0 = Debug|Any CPU
		{03FC97A8-8381-4FB6-8B1E-9EAA485C7043}.Debug|x86.ActiveCfg = Debug|Any CPU
		{03FC97A8-8381-4FB6-8B1E-9EAA485C7043}.Debug|x86.Build.0 = Debug|Any CPU
		{03FC97A8-8381-4FB6-8B1E-9EAA485C7043}.Release|Any CPU.ActiveCfg = Release|Any CPU
		{03FC97A8-8381-4FB6-8B1E-9EAA485C7043}.Release|Any CPU.Build.0 = Release|Any CPU
		{03FC97A8-8381-4FB6-8B1E-9EAA485C7043}.Release|x86.ActiveCfg = Release|Any CPU
		{03FC97A8-8381-4FB6-8B1E-9EAA485C7043}.Release|x86.Build.0 = Release|Any CPU
		{C651DF05-7C78-4504-A94E-26DB68EE88E3}.Debug|Any CPU.ActiveCfg = Debug|Any CPU
		{C651DF05-7C78-4504-A94E-26DB68EE88E3}.Debug|Any CPU.Build.0 = Debug|Any CPU
		{C651DF05-7C78-4504-A94E-26DB68EE88E3}.Debug|x86.ActiveCfg = Debug|Any CPU
		{C651DF05-7C78-4504-A94E-26DB68EE88E3}.Debug|x86.Build.0 = Debug|Any CPU
		{C651DF05-7C78-4504-A94E-26DB68EE88E3}.Release|Any CPU.ActiveCfg = Release|Any CPU
		{C651DF05-7C78-4504-A94E-26DB68EE88E3}.Release|Any CPU.Build.0 = Release|Any CPU
		{C651DF05-7C78-4504-A94E-26DB68EE88E3}.Release|x86.ActiveCfg = Release|Any CPU
		{C651DF05-7C78-4504-A94E-26DB68EE88E3}.Release|x86.Build.0 = Release|Any CPU
		{49A4C497-218C-46DB-BD33-C3F0936444D7}.Debug|Any CPU.ActiveCfg = Debug|Any CPU
		{49A4C497-218C-46DB-BD33-C3F0936444D7}.Debug|Any CPU.Build.0 = Debug|Any CPU
		{49A4C497-218C-46DB-BD33-C3F0936444D7}.Debug|x86.ActiveCfg = Debug|Any CPU
		{49A4C497-218C-46DB-BD33-C3F0936444D7}.Debug|x86.Build.0 = Debug|Any CPU
		{49A4C497-218C-46DB-BD33-C3F0936444D7}.Release|Any CPU.ActiveCfg = Release|Any CPU
		{49A4C497-218C-46DB-BD33-C3F0936444D7}.Release|Any CPU.Build.0 = Release|Any CPU
		{49A4C497-218C-46DB-BD33-C3F0936444D7}.Release|x86.ActiveCfg = Release|Any CPU
		{49A4C497-218C-46DB-BD33-C3F0936444D7}.Release|x86.Build.0 = Release|Any CPU
		{6381C0E2-FC78-4307-9664-25D646922D7A}.Debug|Any CPU.ActiveCfg = Debug|Any CPU
		{6381C0E2-FC78-4307-9664-25D646922D7A}.Debug|Any CPU.Build.0 = Debug|Any CPU
		{6381C0E2-FC78-4307-9664-25D646922D7A}.Debug|x86.ActiveCfg = Debug|Any CPU
		{6381C0E2-FC78-4307-9664-25D646922D7A}.Debug|x86.Build.0 = Debug|Any CPU
		{6381C0E2-FC78-4307-9664-25D646922D7A}.Release|Any CPU.ActiveCfg = Release|Any CPU
		{6381C0E2-FC78-4307-9664-25D646922D7A}.Release|Any CPU.Build.0 = Release|Any CPU
		{6381C0E2-FC78-4307-9664-25D646922D7A}.Release|x86.ActiveCfg = Release|Any CPU
		{6381C0E2-FC78-4307-9664-25D646922D7A}.Release|x86.Build.0 = Release|Any CPU
		{F6758B0B-18AB-4DB9-92BA-2123FE30D27A}.Debug|Any CPU.ActiveCfg = Debug|Any CPU
		{F6758B0B-18AB-4DB9-92BA-2123FE30D27A}.Debug|Any CPU.Build.0 = Debug|Any CPU
		{F6758B0B-18AB-4DB9-92BA-2123FE30D27A}.Debug|x86.ActiveCfg = Debug|Any CPU
		{F6758B0B-18AB-4DB9-92BA-2123FE30D27A}.Debug|x86.Build.0 = Debug|Any CPU
		{F6758B0B-18AB-4DB9-92BA-2123FE30D27A}.Release|Any CPU.ActiveCfg = Release|Any CPU
		{F6758B0B-18AB-4DB9-92BA-2123FE30D27A}.Release|Any CPU.Build.0 = Release|Any CPU
		{F6758B0B-18AB-4DB9-92BA-2123FE30D27A}.Release|x86.ActiveCfg = Release|Any CPU
		{F6758B0B-18AB-4DB9-92BA-2123FE30D27A}.Release|x86.Build.0 = Release|Any CPU
		{C6093CB8-18AD-4510-9C0E-538CBFE18503}.Debug|Any CPU.ActiveCfg = Debug|Any CPU
		{C6093CB8-18AD-4510-9C0E-538CBFE18503}.Debug|Any CPU.Build.0 = Debug|Any CPU
		{C6093CB8-18AD-4510-9C0E-538CBFE18503}.Debug|x86.ActiveCfg = Debug|Any CPU
		{C6093CB8-18AD-4510-9C0E-538CBFE18503}.Debug|x86.Build.0 = Debug|Any CPU
		{C6093CB8-18AD-4510-9C0E-538CBFE18503}.Release|Any CPU.ActiveCfg = Release|Any CPU
		{C6093CB8-18AD-4510-9C0E-538CBFE18503}.Release|Any CPU.Build.0 = Release|Any CPU
		{C6093CB8-18AD-4510-9C0E-538CBFE18503}.Release|x86.ActiveCfg = Release|Any CPU
		{C6093CB8-18AD-4510-9C0E-538CBFE18503}.Release|x86.Build.0 = Release|Any CPU
	EndGlobalSection
	GlobalSection(SolutionProperties) = preSolution
		HideSolutionNode = FALSE
	EndGlobalSection
	GlobalSection(NestedProjects) = preSolution
		{AFA6213A-6914-499B-95BC-5FD6216334CF} = {DDB4580F-83D0-48CD-AD64-90699383E033}
		{33233D5E-793D-4D22-A8A2-1BADD3D1268C} = {DDB4580F-83D0-48CD-AD64-90699383E033}
		{E4BD9A3E-70CC-4F83-9501-A4DC50A21F54} = {DDB4580F-83D0-48CD-AD64-90699383E033}
		{68EA6EF2-BF24-42E4-B981-A7F48FECF989} = {F32EB106-A795-4398-B964-D580ADA43EBF}
		{07BE357A-6F5A-44DB-99A8-0F5DDABAFC9D} = {F32EB106-A795-4398-B964-D580ADA43EBF}
		{5648A893-1C8F-442E-BDCC-1CA0A01766B5} = {F32EB106-A795-4398-B964-D580ADA43EBF}
		{2A083842-71BC-467F-B7A4-6EAEC401BB0A} = {35885436-B2B8-4900-9CCC-E81A7C9744B3}
		{B7BAE008-63B3-49F5-AD83-FF4F59140181} = {35885436-B2B8-4900-9CCC-E81A7C9744B3}
		{03FC97A8-8381-4FB6-8B1E-9EAA485C7043} = {9A307C67-1370-4D65-AC18-FC48038B85DD}
		{C651DF05-7C78-4504-A94E-26DB68EE88E3} = {9A307C67-1370-4D65-AC18-FC48038B85DD}
		{49A4C497-218C-46DB-BD33-C3F0936444D7} = {2F0B8BD2-5BDE-4370-9225-E010A56DEA5A}
		{6381C0E2-FC78-4307-9664-25D646922D7A} = {2F0B8BD2-5BDE-4370-9225-E010A56DEA5A}
		{F6758B0B-18AB-4DB9-92BA-2123FE30D27A} = {2F0B8BD2-5BDE-4370-9225-E010A56DEA5A}
		{C6093CB8-18AD-4510-9C0E-538CBFE18503} = {64165A3F-AF07-4082-8F89-B440CFC6AB06}
	EndGlobalSection
	GlobalSection(ExtensibilityGlobals) = postSolution
		SolutionGuid = {7D43B483-A6E3-4051-9FD6-097C5D5466B8}
	EndGlobalSection
EndGlobal
